Microsoft Visual Studio Solution File, Format Version 12.00
# Visual Studio 14
VisualStudioVersion = 14.0.24720.0
MinimumVisualStudioVersion = 10.0.40219.1
Project("{2150E333-8FDC-42A3-9474-1A3956D46DE8}") = "Core", "Core", "{4CD29866-30B4-4A0B-9CC8-276C42BA430A}"
EndProject
Project("{2150E333-8FDC-42A3-9474-1A3956D46DE8}") = "Framework", "Framework", "{FF4BE67F-3BEB-4E5F-913F-A1AB8FFA6E31}"
EndProject
Project("{2150E333-8FDC-42A3-9474-1A3956D46DE8}") = "Components", "Components", "{D9C868C7-0684-46EF-8D59-26D237D1F7BC}"
EndProject
Project("{2150E333-8FDC-42A3-9474-1A3956D46DE8}") = "API", "API", "{1006573F-2F29-4444-A53A-0EE196DAB506}"
EndProject
Project("{2150E333-8FDC-42A3-9474-1A3956D46DE8}") = "DRS", "DRS", "{0D5DCA39-4A2C-494F-A39D-602CEFB7177C}"
EndProject
Project("{2150E333-8FDC-42A3-9474-1A3956D46DE8}") = "DIS", "DIS", "{5755A97D-458C-4470-96DF-65DBA93941D8}"
EndProject
Project("{FAE04EC0-301F-11D3-BF4B-00C04F79EFBC}") = "CXS.Core.Framework.Contract", "CXS.Core.Framework.Contract\CXS.Core.Framework.Contract.csproj", "{557AEDFC-AD32-4B30-893B-53620C95DA9B}"
EndProject
Project("{FAE04EC0-301F-11D3-BF4B-00C04F79EFBC}") = "CXS.Core.Framework.Domain", "CXS.Core.Framework.Domain\CXS.Core.Framework.Domain.csproj", "{47C7B2DB-A4D2-4479-942D-6A78AACA1E19}"
EndProject
Project("{FAE04EC0-301F-11D3-BF4B-00C04F79EFBC}") = "CXS.Core.Framework.Renderer", "CXS.Core.Framework.Renderer\CXS.Core.Framework.Renderer.csproj", "{AA316CD0-748E-4D83-A0E1-8A255967C6B1}"
EndProject
Project("{FAE04EC0-301F-11D3-BF4B-00C04F79EFBC}") = "CXS.Core.Framework.Renderer.Test", "CXS.Core.Framework.Renderer.Test\CXS.Core.Framework.Renderer.Test.csproj", "{479C511E-55C2-4FF2-8C22-125BDA18E30F}"
EndProject
Project("{FAE04EC0-301F-11D3-BF4B-00C04F79EFBC}") = "CXS.Core.Framework.RendererApi", "CXS.Core.Framework.RendererApi\CXS.Core.Framework.RendererApi.csproj", "{6F9DEC77-7A4A-44DB-A56D-BB1BDFE29292}"
EndProject
Project("{FAE04EC0-301F-11D3-BF4B-00C04F79EFBC}") = "CXS.Core.Framework.RendererApi.Test", "CXS.Core.Framework.RendererApi.Test\CXS.Core.Framework.RendererApi.Test.csproj", "{6267C2F9-6915-48AB-BA66-119271B4271C}"
EndProject
Project("{2150E333-8FDC-42A3-9474-1A3956D46DE8}") = "MC", "MC", "{3CB1AF16-65DB-4FE9-9594-2DAEEB791C84}"
EndProject
Project("{2150E333-8FDC-42A3-9474-1A3956D46DE8}") = "TPOS", "TPOS", "{60BAFC0F-8F85-4135-B6B6-AC5C2ABC2249}"
EndProject
Project("{2150E333-8FDC-42A3-9474-1A3956D46DE8}") = "MPOS", "MPOS", "{9BCC5AF8-6399-401B-88BB-03371B50726B}"
EndProject
Project("{FAE04EC0-301F-11D3-BF4B-00C04F79EFBC}") = "CXS.Core.Common", "CXS.Core.Common\CXS.Core.Common.csproj", "{E69AF6D1-A00C-4BDB-AB17-E13246ACC139}"
EndProject
Project("{FAE04EC0-301F-11D3-BF4B-00C04F79EFBC}") = "CXS.Core.Entities", "CXS.Core.Entities\CXS.Core.Entities.csproj", "{3B66FBF6-D672-4077-924F-75F228502309}"
EndProject
Project("{FAE04EC0-301F-11D3-BF4B-00C04F79EFBC}") = "CXS.PosCommon", "CXS.PosCommon\CXS.PosCommon.csproj", "{A3F8747A-D1F7-4508-9BE3-4685D24A2078}"
EndProject
Project("{FAE04EC0-301F-11D3-BF4B-00C04F79EFBC}") = "CXS.Tpos", "CXS.Tpos\CXS.Tpos.csproj", "{BB653317-3C76-46D4-915C-16B0EE402E4D}"
EndProject
Project("{FAE04EC0-301F-11D3-BF4B-00C04F79EFBC}") = "CXS.Framework.UI", "CXS.Framework.UI\CXS.Framework.UI.csproj", "{6C342004-4917-4D4A-B3B8-79DF5732CCC2}"
EndProject
Project("{8BB2217D-0F2D-49D1-97BC-3654ED321F3B}") = "CXS.Mc.Web", "CXS.Mc.Web\CXS.Mc.Web.xproj", "{367DA17B-C31E-412A-8E98-14DD85078706}"
EndProject
Project("{8BB2217D-0F2D-49D1-97BC-3654ED321F3B}") = "CXS.Mc.Web.Infrastructure", "CXS.Mc.Web.Infrastructure\CXS.Mc.Web.Infrastructure.xproj", "{874C5FC6-E4F8-4A21-94C1-546A96932797}"
EndProject
Project("{FAE04EC0-301F-11D3-BF4B-00C04F79EFBC}") = "CXS.Mpos.Core", "CXS.Mpos.Core\CXS.Mpos.Core.csproj", "{DB53C4E9-D06E-4C23-9EDC-9A2460B2B0C5}"
EndProject
Project("{FAE04EC0-301F-11D3-BF4B-00C04F79EFBC}") = "CXS.Mpos.POS", "CXS.Mpos.POS\CXS.Mpos.POS.csproj", "{69CDB0C9-170E-4A96-B979-CC091CF096E4}"
EndProject
Project("{FAE04EC0-301F-11D3-BF4B-00C04F79EFBC}") = "CXS.Mpos.POS.iOS", "CXS.Mpos.POS.iOS\CXS.Mpos.POS.iOS.csproj", "{85AFCD1B-EA31-4A30-B367-1CD220B42880}"
EndProject
Project("{FAE04EC0-301F-11D3-BF4B-00C04F79EFBC}") = "CXS.Mpos.Core.Tests", "CXS.Mpos.Core.Tests\CXS.Mpos.Core.Tests.csproj", "{7D7A70F9-FFE3-4C8D-A8F9-B8D2B361167C}"
EndProject
Project("{FAE04EC0-301F-11D3-BF4B-00C04F79EFBC}") = "CXS.Mpos.POS.Tests", "CXS.Mpos.POS.Tests\CXS.Mpos.POS.Tests.csproj", "{2A7C7043-EFFE-4A39-9555-FA9195F90F98}"
EndProject
Project("{FAE04EC0-301F-11D3-BF4B-00C04F79EFBC}") = "CXS.Mpos.POS.iOS.UnitTests", "CXS.Mpos.POS.iOS.UnitTests\CXS.Mpos.POS.iOS.UnitTests.csproj", "{39F64074-3674-43DC-911E-AB1A4D38941A}"
EndProject
Project("{FAE04EC0-301F-11D3-BF4B-00C04F79EFBC}") = "CXS.Mpos.POS.Android.UnitTests", "CXS.Mpos.POS.Android.UnitTests\CXS.Mpos.POS.Android.UnitTests.csproj", "{EE2C6342-018B-42DE-8311-D8115C604B5D}"
EndProject
Project("{FAE04EC0-301F-11D3-BF4B-00C04F79EFBC}") = "CXS.Mpos.POS.Windows", "CXS.Mpos.POS.Windows\CXS.Mpos.POS.Windows.csproj", "{AB4414EB-2F57-4FB0-BFD4-98F0F4E87408}"
EndProject
Project("{FAE04EC0-301F-11D3-BF4B-00C04F79EFBC}") = "CXS.Mpos.POS.Windows.UnitTests", "CXS.Mpos.POS.Windows.UnitTests\CXS.Mpos.POS.Windows.UnitTests.csproj", "{A4B69B54-DE36-4E1E-9516-A8789B31D54B}"
EndProject
Project("{FAE04EC0-301F-11D3-BF4B-00C04F79EFBC}") = "CXS.Mpos.POS.Android", "CXS.Mpos.POS.Android\CXS.Mpos.POS.Android.csproj", "{45E28133-9D58-442D-B0AB-F47DF66609BC}"
EndProject
Project("{FAE04EC0-301F-11D3-BF4B-00C04F79EFBC}") = "CXS.Core.Framework.Data", "CXS.Core.Framework.Data\CXS.Core.Framework.Data.csproj", "{B9E704B7-54AF-4272-B6A7-E6A165C7276B}"
EndProject
Project("{FAE04EC0-301F-11D3-BF4B-00C04F79EFBC}") = "CXS.Core.Framework.Data.Contract", "CXS.Core.Framework.Data.Contract\CXS.Core.Framework.Data.Contract.csproj", "{098D7C44-7A62-4673-AB37-2B407340D6C6}"
EndProject
Project("{8BB2217D-0F2D-49D1-97BC-3654ED321F3B}") = "CXS.Api", "CXS.Api\CXS.Api.xproj", "{53CEA354-7BD7-4FFD-9F3D-048BF1C94634}"
EndProject
Project("{FAE04EC0-301F-11D3-BF4B-00C04F79EFBC}") = "CXS.Test", "CXS.Test\CXS.Test.csproj", "{EE894390-BD1B-41AA-BD3A-F28C4A494754}"
EndProject
Global
	GlobalSection(SolutionConfigurationPlatforms) = preSolution
		Debug|Any CPU = Debug|Any CPU
		Debug|ARM = Debug|ARM
		Debug|iPhone = Debug|iPhone
		Debug|iPhoneSimulator = Debug|iPhoneSimulator
		Debug|x64 = Debug|x64
		Debug|x86 = Debug|x86
		Release|Any CPU = Release|Any CPU
		Release|ARM = Release|ARM
		Release|iPhone = Release|iPhone
		Release|iPhoneSimulator = Release|iPhoneSimulator
		Release|x64 = Release|x64
		Release|x86 = Release|x86
	EndGlobalSection
	GlobalSection(ProjectConfigurationPlatforms) = postSolution
		{557AEDFC-AD32-4B30-893B-53620C95DA9B}.Debug|Any CPU.ActiveCfg = Debug|Any CPU
		{557AEDFC-AD32-4B30-893B-53620C95DA9B}.Debug|Any CPU.Build.0 = Debug|Any CPU
		{557AEDFC-AD32-4B30-893B-53620C95DA9B}.Debug|ARM.ActiveCfg = Debug|Any CPU
		{557AEDFC-AD32-4B30-893B-53620C95DA9B}.Debug|ARM.Build.0 = Debug|Any CPU
		{557AEDFC-AD32-4B30-893B-53620C95DA9B}.Debug|iPhone.ActiveCfg = Debug|Any CPU
		{557AEDFC-AD32-4B30-893B-53620C95DA9B}.Debug|iPhone.Build.0 = Debug|Any CPU
		{557AEDFC-AD32-4B30-893B-53620C95DA9B}.Debug|iPhoneSimulator.ActiveCfg = Debug|Any CPU
		{557AEDFC-AD32-4B30-893B-53620C95DA9B}.Debug|iPhoneSimulator.Build.0 = Debug|Any CPU
		{557AEDFC-AD32-4B30-893B-53620C95DA9B}.Debug|x64.ActiveCfg = Debug|Any CPU
		{557AEDFC-AD32-4B30-893B-53620C95DA9B}.Debug|x64.Build.0 = Debug|Any CPU
		{557AEDFC-AD32-4B30-893B-53620C95DA9B}.Debug|x86.ActiveCfg = Debug|Any CPU
		{557AEDFC-AD32-4B30-893B-53620C95DA9B}.Debug|x86.Build.0 = Debug|Any CPU
		{557AEDFC-AD32-4B30-893B-53620C95DA9B}.Release|Any CPU.ActiveCfg = Release|Any CPU
		{557AEDFC-AD32-4B30-893B-53620C95DA9B}.Release|Any CPU.Build.0 = Release|Any CPU
		{557AEDFC-AD32-4B30-893B-53620C95DA9B}.Release|ARM.ActiveCfg = Release|Any CPU
		{557AEDFC-AD32-4B30-893B-53620C95DA9B}.Release|ARM.Build.0 = Release|Any CPU
		{557AEDFC-AD32-4B30-893B-53620C95DA9B}.Release|iPhone.ActiveCfg = Release|Any CPU
		{557AEDFC-AD32-4B30-893B-53620C95DA9B}.Release|iPhone.Build.0 = Release|Any CPU
		{557AEDFC-AD32-4B30-893B-53620C95DA9B}.Release|iPhoneSimulator.ActiveCfg = Release|Any CPU
		{557AEDFC-AD32-4B30-893B-53620C95DA9B}.Release|iPhoneSimulator.Build.0 = Release|Any CPU
		{557AEDFC-AD32-4B30-893B-53620C95DA9B}.Release|x64.ActiveCfg = Release|Any CPU
		{557AEDFC-AD32-4B30-893B-53620C95DA9B}.Release|x64.Build.0 = Release|Any CPU
		{557AEDFC-AD32-4B30-893B-53620C95DA9B}.Release|x86.ActiveCfg = Release|Any CPU
		{557AEDFC-AD32-4B30-893B-53620C95DA9B}.Release|x86.Build.0 = Release|Any CPU
		{47C7B2DB-A4D2-4479-942D-6A78AACA1E19}.Debug|Any CPU.ActiveCfg = Debug|Any CPU
		{47C7B2DB-A4D2-4479-942D-6A78AACA1E19}.Debug|Any CPU.Build.0 = Debug|Any CPU
		{47C7B2DB-A4D2-4479-942D-6A78AACA1E19}.Debug|ARM.ActiveCfg = Debug|Any CPU
		{47C7B2DB-A4D2-4479-942D-6A78AACA1E19}.Debug|ARM.Build.0 = Debug|Any CPU
		{47C7B2DB-A4D2-4479-942D-6A78AACA1E19}.Debug|iPhone.ActiveCfg = Debug|Any CPU
		{47C7B2DB-A4D2-4479-942D-6A78AACA1E19}.Debug|iPhone.Build.0 = Debug|Any CPU
		{47C7B2DB-A4D2-4479-942D-6A78AACA1E19}.Debug|iPhoneSimulator.ActiveCfg = Debug|Any CPU
		{47C7B2DB-A4D2-4479-942D-6A78AACA1E19}.Debug|iPhoneSimulator.Build.0 = Debug|Any CPU
		{47C7B2DB-A4D2-4479-942D-6A78AACA1E19}.Debug|x64.ActiveCfg = Debug|Any CPU
		{47C7B2DB-A4D2-4479-942D-6A78AACA1E19}.Debug|x64.Build.0 = Debug|Any CPU
		{47C7B2DB-A4D2-4479-942D-6A78AACA1E19}.Debug|x86.ActiveCfg = Debug|Any CPU
		{47C7B2DB-A4D2-4479-942D-6A78AACA1E19}.Debug|x86.Build.0 = Debug|Any CPU
		{47C7B2DB-A4D2-4479-942D-6A78AACA1E19}.Release|Any CPU.ActiveCfg = Release|Any CPU
		{47C7B2DB-A4D2-4479-942D-6A78AACA1E19}.Release|Any CPU.Build.0 = Release|Any CPU
		{47C7B2DB-A4D2-4479-942D-6A78AACA1E19}.Release|ARM.ActiveCfg = Release|Any CPU
		{47C7B2DB-A4D2-4479-942D-6A78AACA1E19}.Release|ARM.Build.0 = Release|Any CPU
		{47C7B2DB-A4D2-4479-942D-6A78AACA1E19}.Release|iPhone.ActiveCfg = Release|Any CPU
		{47C7B2DB-A4D2-4479-942D-6A78AACA1E19}.Release|iPhone.Build.0 = Release|Any CPU
		{47C7B2DB-A4D2-4479-942D-6A78AACA1E19}.Release|iPhoneSimulator.ActiveCfg = Release|Any CPU
		{47C7B2DB-A4D2-4479-942D-6A78AACA1E19}.Release|iPhoneSimulator.Build.0 = Release|Any CPU
		{47C7B2DB-A4D2-4479-942D-6A78AACA1E19}.Release|x64.ActiveCfg = Release|Any CPU
		{47C7B2DB-A4D2-4479-942D-6A78AACA1E19}.Release|x64.Build.0 = Release|Any CPU
		{47C7B2DB-A4D2-4479-942D-6A78AACA1E19}.Release|x86.ActiveCfg = Release|Any CPU
		{47C7B2DB-A4D2-4479-942D-6A78AACA1E19}.Release|x86.Build.0 = Release|Any CPU
		{AA316CD0-748E-4D83-A0E1-8A255967C6B1}.Debug|Any CPU.ActiveCfg = Debug|Any CPU
		{AA316CD0-748E-4D83-A0E1-8A255967C6B1}.Debug|Any CPU.Build.0 = Debug|Any CPU
		{AA316CD0-748E-4D83-A0E1-8A255967C6B1}.Debug|ARM.ActiveCfg = Debug|Any CPU
		{AA316CD0-748E-4D83-A0E1-8A255967C6B1}.Debug|ARM.Build.0 = Debug|Any CPU
		{AA316CD0-748E-4D83-A0E1-8A255967C6B1}.Debug|iPhone.ActiveCfg = Debug|Any CPU
		{AA316CD0-748E-4D83-A0E1-8A255967C6B1}.Debug|iPhone.Build.0 = Debug|Any CPU
		{AA316CD0-748E-4D83-A0E1-8A255967C6B1}.Debug|iPhoneSimulator.ActiveCfg = Debug|Any CPU
		{AA316CD0-748E-4D83-A0E1-8A255967C6B1}.Debug|iPhoneSimulator.Build.0 = Debug|Any CPU
		{AA316CD0-748E-4D83-A0E1-8A255967C6B1}.Debug|x64.ActiveCfg = Debug|Any CPU
		{AA316CD0-748E-4D83-A0E1-8A255967C6B1}.Debug|x64.Build.0 = Debug|Any CPU
		{AA316CD0-748E-4D83-A0E1-8A255967C6B1}.Debug|x86.ActiveCfg = Debug|Any CPU
		{AA316CD0-748E-4D83-A0E1-8A255967C6B1}.Debug|x86.Build.0 = Debug|Any CPU
		{AA316CD0-748E-4D83-A0E1-8A255967C6B1}.Release|Any CPU.ActiveCfg = Release|Any CPU
		{AA316CD0-748E-4D83-A0E1-8A255967C6B1}.Release|Any CPU.Build.0 = Release|Any CPU
		{AA316CD0-748E-4D83-A0E1-8A255967C6B1}.Release|ARM.ActiveCfg = Release|Any CPU
		{AA316CD0-748E-4D83-A0E1-8A255967C6B1}.Release|ARM.Build.0 = Release|Any CPU
		{AA316CD0-748E-4D83-A0E1-8A255967C6B1}.Release|iPhone.ActiveCfg = Release|Any CPU
		{AA316CD0-748E-4D83-A0E1-8A255967C6B1}.Release|iPhone.Build.0 = Release|Any CPU
		{AA316CD0-748E-4D83-A0E1-8A255967C6B1}.Release|iPhoneSimulator.ActiveCfg = Release|Any CPU
		{AA316CD0-748E-4D83-A0E1-8A255967C6B1}.Release|iPhoneSimulator.Build.0 = Release|Any CPU
		{AA316CD0-748E-4D83-A0E1-8A255967C6B1}.Release|x64.ActiveCfg = Release|Any CPU
		{AA316CD0-748E-4D83-A0E1-8A255967C6B1}.Release|x64.Build.0 = Release|Any CPU
		{AA316CD0-748E-4D83-A0E1-8A255967C6B1}.Release|x86.ActiveCfg = Release|Any CPU
		{AA316CD0-748E-4D83-A0E1-8A255967C6B1}.Release|x86.Build.0 = Release|Any CPU
		{479C511E-55C2-4FF2-8C22-125BDA18E30F}.Debug|Any CPU.ActiveCfg = Debug|Any CPU
		{479C511E-55C2-4FF2-8C22-125BDA18E30F}.Debug|Any CPU.Build.0 = Debug|Any CPU
		{479C511E-55C2-4FF2-8C22-125BDA18E30F}.Debug|ARM.ActiveCfg = Debug|Any CPU
		{479C511E-55C2-4FF2-8C22-125BDA18E30F}.Debug|ARM.Build.0 = Debug|Any CPU
		{479C511E-55C2-4FF2-8C22-125BDA18E30F}.Debug|iPhone.ActiveCfg = Debug|Any CPU
		{479C511E-55C2-4FF2-8C22-125BDA18E30F}.Debug|iPhone.Build.0 = Debug|Any CPU
		{479C511E-55C2-4FF2-8C22-125BDA18E30F}.Debug|iPhoneSimulator.ActiveCfg = Debug|Any CPU
		{479C511E-55C2-4FF2-8C22-125BDA18E30F}.Debug|iPhoneSimulator.Build.0 = Debug|Any CPU
		{479C511E-55C2-4FF2-8C22-125BDA18E30F}.Debug|x64.ActiveCfg = Debug|Any CPU
		{479C511E-55C2-4FF2-8C22-125BDA18E30F}.Debug|x64.Build.0 = Debug|Any CPU
		{479C511E-55C2-4FF2-8C22-125BDA18E30F}.Debug|x86.ActiveCfg = Debug|Any CPU
		{479C511E-55C2-4FF2-8C22-125BDA18E30F}.Debug|x86.Build.0 = Debug|Any CPU
		{479C511E-55C2-4FF2-8C22-125BDA18E30F}.Release|Any CPU.ActiveCfg = Release|Any CPU
		{479C511E-55C2-4FF2-8C22-125BDA18E30F}.Release|Any CPU.Build.0 = Release|Any CPU
		{479C511E-55C2-4FF2-8C22-125BDA18E30F}.Release|ARM.ActiveCfg = Release|Any CPU
		{479C511E-55C2-4FF2-8C22-125BDA18E30F}.Release|ARM.Build.0 = Release|Any CPU
		{479C511E-55C2-4FF2-8C22-125BDA18E30F}.Release|iPhone.ActiveCfg = Release|Any CPU
		{479C511E-55C2-4FF2-8C22-125BDA18E30F}.Release|iPhone.Build.0 = Release|Any CPU
		{479C511E-55C2-4FF2-8C22-125BDA18E30F}.Release|iPhoneSimulator.ActiveCfg = Release|Any CPU
		{479C511E-55C2-4FF2-8C22-125BDA18E30F}.Release|iPhoneSimulator.Build.0 = Release|Any CPU
		{479C511E-55C2-4FF2-8C22-125BDA18E30F}.Release|x64.ActiveCfg = Release|Any CPU
		{479C511E-55C2-4FF2-8C22-125BDA18E30F}.Release|x64.Build.0 = Release|Any CPU
		{479C511E-55C2-4FF2-8C22-125BDA18E30F}.Release|x86.ActiveCfg = Release|Any CPU
		{479C511E-55C2-4FF2-8C22-125BDA18E30F}.Release|x86.Build.0 = Release|Any CPU
		{6F9DEC77-7A4A-44DB-A56D-BB1BDFE29292}.Debug|Any CPU.ActiveCfg = Debug|Any CPU
		{6F9DEC77-7A4A-44DB-A56D-BB1BDFE29292}.Debug|Any CPU.Build.0 = Debug|Any CPU
		{6F9DEC77-7A4A-44DB-A56D-BB1BDFE29292}.Debug|ARM.ActiveCfg = Debug|Any CPU
		{6F9DEC77-7A4A-44DB-A56D-BB1BDFE29292}.Debug|ARM.Build.0 = Debug|Any CPU
		{6F9DEC77-7A4A-44DB-A56D-BB1BDFE29292}.Debug|iPhone.ActiveCfg = Debug|Any CPU
		{6F9DEC77-7A4A-44DB-A56D-BB1BDFE29292}.Debug|iPhone.Build.0 = Debug|Any CPU
		{6F9DEC77-7A4A-44DB-A56D-BB1BDFE29292}.Debug|iPhoneSimulator.ActiveCfg = Debug|Any CPU
		{6F9DEC77-7A4A-44DB-A56D-BB1BDFE29292}.Debug|iPhoneSimulator.Build.0 = Debug|Any CPU
		{6F9DEC77-7A4A-44DB-A56D-BB1BDFE29292}.Debug|x64.ActiveCfg = Debug|Any CPU
		{6F9DEC77-7A4A-44DB-A56D-BB1BDFE29292}.Debug|x64.Build.0 = Debug|Any CPU
		{6F9DEC77-7A4A-44DB-A56D-BB1BDFE29292}.Debug|x86.ActiveCfg = Debug|Any CPU
		{6F9DEC77-7A4A-44DB-A56D-BB1BDFE29292}.Debug|x86.Build.0 = Debug|Any CPU
		{6F9DEC77-7A4A-44DB-A56D-BB1BDFE29292}.Release|Any CPU.ActiveCfg = Release|Any CPU
		{6F9DEC77-7A4A-44DB-A56D-BB1BDFE29292}.Release|Any CPU.Build.0 = Release|Any CPU
		{6F9DEC77-7A4A-44DB-A56D-BB1BDFE29292}.Release|ARM.ActiveCfg = Release|Any CPU
		{6F9DEC77-7A4A-44DB-A56D-BB1BDFE29292}.Release|ARM.Build.0 = Release|Any CPU
		{6F9DEC77-7A4A-44DB-A56D-BB1BDFE29292}.Release|iPhone.ActiveCfg = Release|Any CPU
		{6F9DEC77-7A4A-44DB-A56D-BB1BDFE29292}.Release|iPhone.Build.0 = Release|Any CPU
		{6F9DEC77-7A4A-44DB-A56D-BB1BDFE29292}.Release|iPhoneSimulator.ActiveCfg = Release|Any CPU
		{6F9DEC77-7A4A-44DB-A56D-BB1BDFE29292}.Release|iPhoneSimulator.Build.0 = Release|Any CPU
		{6F9DEC77-7A4A-44DB-A56D-BB1BDFE29292}.Release|x64.ActiveCfg = Release|Any CPU
		{6F9DEC77-7A4A-44DB-A56D-BB1BDFE29292}.Release|x64.Build.0 = Release|Any CPU
		{6F9DEC77-7A4A-44DB-A56D-BB1BDFE29292}.Release|x86.ActiveCfg = Release|Any CPU
		{6F9DEC77-7A4A-44DB-A56D-BB1BDFE29292}.Release|x86.Build.0 = Release|Any CPU
		{6267C2F9-6915-48AB-BA66-119271B4271C}.Debug|Any CPU.ActiveCfg = Debug|Any CPU
		{6267C2F9-6915-48AB-BA66-119271B4271C}.Debug|Any CPU.Build.0 = Debug|Any CPU
		{6267C2F9-6915-48AB-BA66-119271B4271C}.Debug|ARM.ActiveCfg = Debug|Any CPU
		{6267C2F9-6915-48AB-BA66-119271B4271C}.Debug|ARM.Build.0 = Debug|Any CPU
		{6267C2F9-6915-48AB-BA66-119271B4271C}.Debug|iPhone.ActiveCfg = Debug|Any CPU
		{6267C2F9-6915-48AB-BA66-119271B4271C}.Debug|iPhone.Build.0 = Debug|Any CPU
		{6267C2F9-6915-48AB-BA66-119271B4271C}.Debug|iPhoneSimulator.ActiveCfg = Debug|Any CPU
		{6267C2F9-6915-48AB-BA66-119271B4271C}.Debug|iPhoneSimulator.Build.0 = Debug|Any CPU
		{6267C2F9-6915-48AB-BA66-119271B4271C}.Debug|x64.ActiveCfg = Debug|Any CPU
		{6267C2F9-6915-48AB-BA66-119271B4271C}.Debug|x64.Build.0 = Debug|Any CPU
		{6267C2F9-6915-48AB-BA66-119271B4271C}.Debug|x86.ActiveCfg = Debug|Any CPU
		{6267C2F9-6915-48AB-BA66-119271B4271C}.Debug|x86.Build.0 = Debug|Any CPU
		{6267C2F9-6915-48AB-BA66-119271B4271C}.Release|Any CPU.ActiveCfg = Release|Any CPU
		{6267C2F9-6915-48AB-BA66-119271B4271C}.Release|Any CPU.Build.0 = Release|Any CPU
		{6267C2F9-6915-48AB-BA66-119271B4271C}.Release|ARM.ActiveCfg = Release|Any CPU
		{6267C2F9-6915-48AB-BA66-119271B4271C}.Release|ARM.Build.0 = Release|Any CPU
		{6267C2F9-6915-48AB-BA66-119271B4271C}.Release|iPhone.ActiveCfg = Release|Any CPU
		{6267C2F9-6915-48AB-BA66-119271B4271C}.Release|iPhone.Build.0 = Release|Any CPU
		{6267C2F9-6915-48AB-BA66-119271B4271C}.Release|iPhoneSimulator.ActiveCfg = Release|Any CPU
		{6267C2F9-6915-48AB-BA66-119271B4271C}.Release|iPhoneSimulator.Build.0 = Release|Any CPU
		{6267C2F9-6915-48AB-BA66-119271B4271C}.Release|x64.ActiveCfg = Release|Any CPU
		{6267C2F9-6915-48AB-BA66-119271B4271C}.Release|x64.Build.0 = Release|Any CPU
		{6267C2F9-6915-48AB-BA66-119271B4271C}.Release|x86.ActiveCfg = Release|Any CPU
		{6267C2F9-6915-48AB-BA66-119271B4271C}.Release|x86.Build.0 = Release|Any CPU
		{E69AF6D1-A00C-4BDB-AB17-E13246ACC139}.Debug|Any CPU.ActiveCfg = Debug|Any CPU
		{E69AF6D1-A00C-4BDB-AB17-E13246ACC139}.Debug|Any CPU.Build.0 = Debug|Any CPU
		{E69AF6D1-A00C-4BDB-AB17-E13246ACC139}.Debug|ARM.ActiveCfg = Debug|Any CPU
		{E69AF6D1-A00C-4BDB-AB17-E13246ACC139}.Debug|ARM.Build.0 = Debug|Any CPU
		{E69AF6D1-A00C-4BDB-AB17-E13246ACC139}.Debug|iPhone.ActiveCfg = Debug|Any CPU
		{E69AF6D1-A00C-4BDB-AB17-E13246ACC139}.Debug|iPhone.Build.0 = Debug|Any CPU
		{E69AF6D1-A00C-4BDB-AB17-E13246ACC139}.Debug|iPhoneSimulator.ActiveCfg = Debug|Any CPU
		{E69AF6D1-A00C-4BDB-AB17-E13246ACC139}.Debug|iPhoneSimulator.Build.0 = Debug|Any CPU
		{E69AF6D1-A00C-4BDB-AB17-E13246ACC139}.Debug|x64.ActiveCfg = Debug|Any CPU
		{E69AF6D1-A00C-4BDB-AB17-E13246ACC139}.Debug|x64.Build.0 = Debug|Any CPU
		{E69AF6D1-A00C-4BDB-AB17-E13246ACC139}.Debug|x86.ActiveCfg = Debug|Any CPU
		{E69AF6D1-A00C-4BDB-AB17-E13246ACC139}.Debug|x86.Build.0 = Debug|Any CPU
		{E69AF6D1-A00C-4BDB-AB17-E13246ACC139}.Release|Any CPU.ActiveCfg = Release|Any CPU
		{E69AF6D1-A00C-4BDB-AB17-E13246ACC139}.Release|Any CPU.Build.0 = Release|Any CPU
		{E69AF6D1-A00C-4BDB-AB17-E13246ACC139}.Release|ARM.ActiveCfg = Release|Any CPU
		{E69AF6D1-A00C-4BDB-AB17-E13246ACC139}.Release|ARM.Build.0 = Release|Any CPU
		{E69AF6D1-A00C-4BDB-AB17-E13246ACC139}.Release|iPhone.ActiveCfg = Release|Any CPU
		{E69AF6D1-A00C-4BDB-AB17-E13246ACC139}.Release|iPhone.Build.0 = Release|Any CPU
		{E69AF6D1-A00C-4BDB-AB17-E13246ACC139}.Release|iPhoneSimulator.ActiveCfg = Release|Any CPU
		{E69AF6D1-A00C-4BDB-AB17-E13246ACC139}.Release|iPhoneSimulator.Build.0 = Release|Any CPU
		{E69AF6D1-A00C-4BDB-AB17-E13246ACC139}.Release|x64.ActiveCfg = Release|Any CPU
		{E69AF6D1-A00C-4BDB-AB17-E13246ACC139}.Release|x64.Build.0 = Release|Any CPU
		{E69AF6D1-A00C-4BDB-AB17-E13246ACC139}.Release|x86.ActiveCfg = Release|Any CPU
		{E69AF6D1-A00C-4BDB-AB17-E13246ACC139}.Release|x86.Build.0 = Release|Any CPU
		{3B66FBF6-D672-4077-924F-75F228502309}.Debug|Any CPU.ActiveCfg = Debug|Any CPU
		{3B66FBF6-D672-4077-924F-75F228502309}.Debug|Any CPU.Build.0 = Debug|Any CPU
		{3B66FBF6-D672-4077-924F-75F228502309}.Debug|ARM.ActiveCfg = Debug|Any CPU
		{3B66FBF6-D672-4077-924F-75F228502309}.Debug|ARM.Build.0 = Debug|Any CPU
		{3B66FBF6-D672-4077-924F-75F228502309}.Debug|iPhone.ActiveCfg = Debug|Any CPU
		{3B66FBF6-D672-4077-924F-75F228502309}.Debug|iPhone.Build.0 = Debug|Any CPU
		{3B66FBF6-D672-4077-924F-75F228502309}.Debug|iPhoneSimulator.ActiveCfg = Debug|Any CPU
		{3B66FBF6-D672-4077-924F-75F228502309}.Debug|iPhoneSimulator.Build.0 = Debug|Any CPU
		{3B66FBF6-D672-4077-924F-75F228502309}.Debug|x64.ActiveCfg = Debug|Any CPU
		{3B66FBF6-D672-4077-924F-75F228502309}.Debug|x64.Build.0 = Debug|Any CPU
		{3B66FBF6-D672-4077-924F-75F228502309}.Debug|x86.ActiveCfg = Debug|Any CPU
		{3B66FBF6-D672-4077-924F-75F228502309}.Debug|x86.Build.0 = Debug|Any CPU
		{3B66FBF6-D672-4077-924F-75F228502309}.Release|Any CPU.ActiveCfg = Release|Any CPU
		{3B66FBF6-D672-4077-924F-75F228502309}.Release|Any CPU.Build.0 = Release|Any CPU
		{3B66FBF6-D672-4077-924F-75F228502309}.Release|ARM.ActiveCfg = Release|Any CPU
		{3B66FBF6-D672-4077-924F-75F228502309}.Release|ARM.Build.0 = Release|Any CPU
		{3B66FBF6-D672-4077-924F-75F228502309}.Release|iPhone.ActiveCfg = Release|Any CPU
		{3B66FBF6-D672-4077-924F-75F228502309}.Release|iPhone.Build.0 = Release|Any CPU
		{3B66FBF6-D672-4077-924F-75F228502309}.Release|iPhoneSimulator.ActiveCfg = Release|Any CPU
		{3B66FBF6-D672-4077-924F-75F228502309}.Release|iPhoneSimulator.Build.0 = Release|Any CPU
		{3B66FBF6-D672-4077-924F-75F228502309}.Release|x64.ActiveCfg = Release|Any CPU
		{3B66FBF6-D672-4077-924F-75F228502309}.Release|x64.Build.0 = Release|Any CPU
		{3B66FBF6-D672-4077-924F-75F228502309}.Release|x86.ActiveCfg = Release|Any CPU
		{3B66FBF6-D672-4077-924F-75F228502309}.Release|x86.Build.0 = Release|Any CPU
		{A3F8747A-D1F7-4508-9BE3-4685D24A2078}.Debug|Any CPU.ActiveCfg = Debug|Any CPU
		{A3F8747A-D1F7-4508-9BE3-4685D24A2078}.Debug|Any CPU.Build.0 = Debug|Any CPU
		{A3F8747A-D1F7-4508-9BE3-4685D24A2078}.Debug|ARM.ActiveCfg = Debug|Any CPU
		{A3F8747A-D1F7-4508-9BE3-4685D24A2078}.Debug|ARM.Build.0 = Debug|Any CPU
		{A3F8747A-D1F7-4508-9BE3-4685D24A2078}.Debug|iPhone.ActiveCfg = Debug|Any CPU
		{A3F8747A-D1F7-4508-9BE3-4685D24A2078}.Debug|iPhone.Build.0 = Debug|Any CPU
		{A3F8747A-D1F7-4508-9BE3-4685D24A2078}.Debug|iPhoneSimulator.ActiveCfg = Debug|Any CPU
		{A3F8747A-D1F7-4508-9BE3-4685D24A2078}.Debug|iPhoneSimulator.Build.0 = Debug|Any CPU
		{A3F8747A-D1F7-4508-9BE3-4685D24A2078}.Debug|x64.ActiveCfg = Debug|Any CPU
		{A3F8747A-D1F7-4508-9BE3-4685D24A2078}.Debug|x64.Build.0 = Debug|Any CPU
		{A3F8747A-D1F7-4508-9BE3-4685D24A2078}.Debug|x86.ActiveCfg = Debug|Any CPU
		{A3F8747A-D1F7-4508-9BE3-4685D24A2078}.Debug|x86.Build.0 = Debug|Any CPU
		{A3F8747A-D1F7-4508-9BE3-4685D24A2078}.Release|Any CPU.ActiveCfg = Release|Any CPU
		{A3F8747A-D1F7-4508-9BE3-4685D24A2078}.Release|Any CPU.Build.0 = Release|Any CPU
		{A3F8747A-D1F7-4508-9BE3-4685D24A2078}.Release|ARM.ActiveCfg = Release|Any CPU
		{A3F8747A-D1F7-4508-9BE3-4685D24A2078}.Release|ARM.Build.0 = Release|Any CPU
		{A3F8747A-D1F7-4508-9BE3-4685D24A2078}.Release|iPhone.ActiveCfg = Release|Any CPU
		{A3F8747A-D1F7-4508-9BE3-4685D24A2078}.Release|iPhone.Build.0 = Release|Any CPU
		{A3F8747A-D1F7-4508-9BE3-4685D24A2078}.Release|iPhoneSimulator.ActiveCfg = Release|Any CPU
		{A3F8747A-D1F7-4508-9BE3-4685D24A2078}.Release|iPhoneSimulator.Build.0 = Release|Any CPU
		{A3F8747A-D1F7-4508-9BE3-4685D24A2078}.Release|x64.ActiveCfg = Release|Any CPU
		{A3F8747A-D1F7-4508-9BE3-4685D24A2078}.Release|x64.Build.0 = Release|Any CPU
		{A3F8747A-D1F7-4508-9BE3-4685D24A2078}.Release|x86.ActiveCfg = Release|Any CPU
		{A3F8747A-D1F7-4508-9BE3-4685D24A2078}.Release|x86.Build.0 = Release|Any CPU
		{BB653317-3C76-46D4-915C-16B0EE402E4D}.Debug|Any CPU.ActiveCfg = Debug|Any CPU
		{BB653317-3C76-46D4-915C-16B0EE402E4D}.Debug|Any CPU.Build.0 = Debug|Any CPU
		{BB653317-3C76-46D4-915C-16B0EE402E4D}.Debug|ARM.ActiveCfg = Debug|Any CPU
		{BB653317-3C76-46D4-915C-16B0EE402E4D}.Debug|ARM.Build.0 = Debug|Any CPU
		{BB653317-3C76-46D4-915C-16B0EE402E4D}.Debug|iPhone.ActiveCfg = Debug|Any CPU
		{BB653317-3C76-46D4-915C-16B0EE402E4D}.Debug|iPhone.Build.0 = Debug|Any CPU
		{BB653317-3C76-46D4-915C-16B0EE402E4D}.Debug|iPhoneSimulator.ActiveCfg = Debug|Any CPU
		{BB653317-3C76-46D4-915C-16B0EE402E4D}.Debug|iPhoneSimulator.Build.0 = Debug|Any CPU
		{BB653317-3C76-46D4-915C-16B0EE402E4D}.Debug|x64.ActiveCfg = Debug|Any CPU
		{BB653317-3C76-46D4-915C-16B0EE402E4D}.Debug|x64.Build.0 = Debug|Any CPU
		{BB653317-3C76-46D4-915C-16B0EE402E4D}.Debug|x86.ActiveCfg = Debug|Any CPU
		{BB653317-3C76-46D4-915C-16B0EE402E4D}.Debug|x86.Build.0 = Debug|Any CPU
		{BB653317-3C76-46D4-915C-16B0EE402E4D}.Release|Any CPU.ActiveCfg = Release|Any CPU
		{BB653317-3C76-46D4-915C-16B0EE402E4D}.Release|Any CPU.Build.0 = Release|Any CPU
		{BB653317-3C76-46D4-915C-16B0EE402E4D}.Release|ARM.ActiveCfg = Release|Any CPU
		{BB653317-3C76-46D4-915C-16B0EE402E4D}.Release|ARM.Build.0 = Release|Any CPU
		{BB653317-3C76-46D4-915C-16B0EE402E4D}.Release|iPhone.ActiveCfg = Release|Any CPU
		{BB653317-3C76-46D4-915C-16B0EE402E4D}.Release|iPhone.Build.0 = Release|Any CPU
		{BB653317-3C76-46D4-915C-16B0EE402E4D}.Release|iPhoneSimulator.ActiveCfg = Release|Any CPU
		{BB653317-3C76-46D4-915C-16B0EE402E4D}.Release|iPhoneSimulator.Build.0 = Release|Any CPU
		{BB653317-3C76-46D4-915C-16B0EE402E4D}.Release|x64.ActiveCfg = Release|Any CPU
		{BB653317-3C76-46D4-915C-16B0EE402E4D}.Release|x64.Build.0 = Release|Any CPU
		{BB653317-3C76-46D4-915C-16B0EE402E4D}.Release|x86.ActiveCfg = Release|Any CPU
		{BB653317-3C76-46D4-915C-16B0EE402E4D}.Release|x86.Build.0 = Release|Any CPU
		{6C342004-4917-4D4A-B3B8-79DF5732CCC2}.Debug|Any CPU.ActiveCfg = Debug|Any CPU
		{6C342004-4917-4D4A-B3B8-79DF5732CCC2}.Debug|Any CPU.Build.0 = Debug|Any CPU
		{6C342004-4917-4D4A-B3B8-79DF5732CCC2}.Debug|ARM.ActiveCfg = Debug|Any CPU
		{6C342004-4917-4D4A-B3B8-79DF5732CCC2}.Debug|iPhone.ActiveCfg = Debug|Any CPU
		{6C342004-4917-4D4A-B3B8-79DF5732CCC2}.Debug|iPhoneSimulator.ActiveCfg = Debug|Any CPU
		{6C342004-4917-4D4A-B3B8-79DF5732CCC2}.Debug|x64.ActiveCfg = Debug|Any CPU
		{6C342004-4917-4D4A-B3B8-79DF5732CCC2}.Debug|x86.ActiveCfg = Debug|Any CPU
		{6C342004-4917-4D4A-B3B8-79DF5732CCC2}.Release|Any CPU.ActiveCfg = Release|Any CPU
		{6C342004-4917-4D4A-B3B8-79DF5732CCC2}.Release|Any CPU.Build.0 = Release|Any CPU
		{6C342004-4917-4D4A-B3B8-79DF5732CCC2}.Release|ARM.ActiveCfg = Release|Any CPU
		{6C342004-4917-4D4A-B3B8-79DF5732CCC2}.Release|iPhone.ActiveCfg = Release|Any CPU
		{6C342004-4917-4D4A-B3B8-79DF5732CCC2}.Release|iPhoneSimulator.ActiveCfg = Release|Any CPU
		{6C342004-4917-4D4A-B3B8-79DF5732CCC2}.Release|x64.ActiveCfg = Release|Any CPU
		{6C342004-4917-4D4A-B3B8-79DF5732CCC2}.Release|x86.ActiveCfg = Release|Any CPU
		{367DA17B-C31E-412A-8E98-14DD85078706}.Debug|Any CPU.ActiveCfg = Debug|Any CPU
		{367DA17B-C31E-412A-8E98-14DD85078706}.Debug|Any CPU.Build.0 = Debug|Any CPU
		{367DA17B-C31E-412A-8E98-14DD85078706}.Debug|ARM.ActiveCfg = Debug|Any CPU
		{367DA17B-C31E-412A-8E98-14DD85078706}.Debug|iPhone.ActiveCfg = Debug|Any CPU
		{367DA17B-C31E-412A-8E98-14DD85078706}.Debug|iPhoneSimulator.ActiveCfg = Debug|Any CPU
		{367DA17B-C31E-412A-8E98-14DD85078706}.Debug|x64.ActiveCfg = Debug|Any CPU
		{367DA17B-C31E-412A-8E98-14DD85078706}.Debug|x86.ActiveCfg = Debug|Any CPU
		{367DA17B-C31E-412A-8E98-14DD85078706}.Release|Any CPU.ActiveCfg = Release|Any CPU
		{367DA17B-C31E-412A-8E98-14DD85078706}.Release|Any CPU.Build.0 = Release|Any CPU
		{367DA17B-C31E-412A-8E98-14DD85078706}.Release|ARM.ActiveCfg = Release|Any CPU
		{367DA17B-C31E-412A-8E98-14DD85078706}.Release|iPhone.ActiveCfg = Release|Any CPU
		{367DA17B-C31E-412A-8E98-14DD85078706}.Release|iPhoneSimulator.ActiveCfg = Release|Any CPU
		{367DA17B-C31E-412A-8E98-14DD85078706}.Release|x64.ActiveCfg = Release|Any CPU
		{367DA17B-C31E-412A-8E98-14DD85078706}.Release|x86.ActiveCfg = Release|Any CPU
		{874C5FC6-E4F8-4A21-94C1-546A96932797}.Debug|Any CPU.ActiveCfg = Debug|Any CPU
		{874C5FC6-E4F8-4A21-94C1-546A96932797}.Debug|Any CPU.Build.0 = Debug|Any CPU
		{874C5FC6-E4F8-4A21-94C1-546A96932797}.Debug|ARM.ActiveCfg = Debug|Any CPU
		{874C5FC6-E4F8-4A21-94C1-546A96932797}.Debug|iPhone.ActiveCfg = Debug|Any CPU
		{874C5FC6-E4F8-4A21-94C1-546A96932797}.Debug|iPhoneSimulator.ActiveCfg = Debug|Any CPU
		{874C5FC6-E4F8-4A21-94C1-546A96932797}.Debug|x64.ActiveCfg = Debug|Any CPU
		{874C5FC6-E4F8-4A21-94C1-546A96932797}.Debug|x86.ActiveCfg = Debug|Any CPU
		{874C5FC6-E4F8-4A21-94C1-546A96932797}.Release|Any CPU.ActiveCfg = Release|Any CPU
		{874C5FC6-E4F8-4A21-94C1-546A96932797}.Release|Any CPU.Build.0 = Release|Any CPU
		{874C5FC6-E4F8-4A21-94C1-546A96932797}.Release|ARM.ActiveCfg = Release|Any CPU
		{874C5FC6-E4F8-4A21-94C1-546A96932797}.Release|iPhone.ActiveCfg = Release|Any CPU
		{874C5FC6-E4F8-4A21-94C1-546A96932797}.Release|iPhoneSimulator.ActiveCfg = Release|Any CPU
		{874C5FC6-E4F8-4A21-94C1-546A96932797}.Release|x64.ActiveCfg = Release|Any CPU
		{874C5FC6-E4F8-4A21-94C1-546A96932797}.Release|x86.ActiveCfg = Release|Any CPU
		{DB53C4E9-D06E-4C23-9EDC-9A2460B2B0C5}.Debug|Any CPU.ActiveCfg = Debug|Any CPU
		{DB53C4E9-D06E-4C23-9EDC-9A2460B2B0C5}.Debug|Any CPU.Build.0 = Debug|Any CPU
		{DB53C4E9-D06E-4C23-9EDC-9A2460B2B0C5}.Debug|ARM.ActiveCfg = Debug|Any CPU
		{DB53C4E9-D06E-4C23-9EDC-9A2460B2B0C5}.Debug|ARM.Build.0 = Debug|Any CPU
		{DB53C4E9-D06E-4C23-9EDC-9A2460B2B0C5}.Debug|iPhone.ActiveCfg = Debug|Any CPU
		{DB53C4E9-D06E-4C23-9EDC-9A2460B2B0C5}.Debug|iPhone.Build.0 = Debug|Any CPU
		{DB53C4E9-D06E-4C23-9EDC-9A2460B2B0C5}.Debug|iPhoneSimulator.ActiveCfg = Debug|Any CPU
		{DB53C4E9-D06E-4C23-9EDC-9A2460B2B0C5}.Debug|iPhoneSimulator.Build.0 = Debug|Any CPU
		{DB53C4E9-D06E-4C23-9EDC-9A2460B2B0C5}.Debug|x64.ActiveCfg = Debug|Any CPU
		{DB53C4E9-D06E-4C23-9EDC-9A2460B2B0C5}.Debug|x64.Build.0 = Debug|Any CPU
		{DB53C4E9-D06E-4C23-9EDC-9A2460B2B0C5}.Debug|x86.ActiveCfg = Debug|Any CPU
		{DB53C4E9-D06E-4C23-9EDC-9A2460B2B0C5}.Debug|x86.Build.0 = Debug|Any CPU
		{DB53C4E9-D06E-4C23-9EDC-9A2460B2B0C5}.Release|Any CPU.ActiveCfg = Release|Any CPU
		{DB53C4E9-D06E-4C23-9EDC-9A2460B2B0C5}.Release|Any CPU.Build.0 = Release|Any CPU
		{DB53C4E9-D06E-4C23-9EDC-9A2460B2B0C5}.Release|ARM.ActiveCfg = Release|Any CPU
		{DB53C4E9-D06E-4C23-9EDC-9A2460B2B0C5}.Release|ARM.Build.0 = Release|Any CPU
		{DB53C4E9-D06E-4C23-9EDC-9A2460B2B0C5}.Release|iPhone.ActiveCfg = Release|Any CPU
		{DB53C4E9-D06E-4C23-9EDC-9A2460B2B0C5}.Release|iPhone.Build.0 = Release|Any CPU
		{DB53C4E9-D06E-4C23-9EDC-9A2460B2B0C5}.Release|iPhoneSimulator.ActiveCfg = Release|Any CPU
		{DB53C4E9-D06E-4C23-9EDC-9A2460B2B0C5}.Release|iPhoneSimulator.Build.0 = Release|Any CPU
		{DB53C4E9-D06E-4C23-9EDC-9A2460B2B0C5}.Release|x64.ActiveCfg = Release|Any CPU
		{DB53C4E9-D06E-4C23-9EDC-9A2460B2B0C5}.Release|x64.Build.0 = Release|Any CPU
		{DB53C4E9-D06E-4C23-9EDC-9A2460B2B0C5}.Release|x86.ActiveCfg = Release|Any CPU
		{DB53C4E9-D06E-4C23-9EDC-9A2460B2B0C5}.Release|x86.Build.0 = Release|Any CPU
		{69CDB0C9-170E-4A96-B979-CC091CF096E4}.Debug|Any CPU.ActiveCfg = Debug|Any CPU
		{69CDB0C9-170E-4A96-B979-CC091CF096E4}.Debug|Any CPU.Build.0 = Debug|Any CPU
		{69CDB0C9-170E-4A96-B979-CC091CF096E4}.Debug|ARM.ActiveCfg = Debug|Any CPU
		{69CDB0C9-170E-4A96-B979-CC091CF096E4}.Debug|ARM.Build.0 = Debug|Any CPU
		{69CDB0C9-170E-4A96-B979-CC091CF096E4}.Debug|iPhone.ActiveCfg = Debug|Any CPU
		{69CDB0C9-170E-4A96-B979-CC091CF096E4}.Debug|iPhone.Build.0 = Debug|Any CPU
		{69CDB0C9-170E-4A96-B979-CC091CF096E4}.Debug|iPhoneSimulator.ActiveCfg = Debug|Any CPU
		{69CDB0C9-170E-4A96-B979-CC091CF096E4}.Debug|iPhoneSimulator.Build.0 = Debug|Any CPU
		{69CDB0C9-170E-4A96-B979-CC091CF096E4}.Debug|x64.ActiveCfg = Debug|Any CPU
		{69CDB0C9-170E-4A96-B979-CC091CF096E4}.Debug|x64.Build.0 = Debug|Any CPU
		{69CDB0C9-170E-4A96-B979-CC091CF096E4}.Debug|x86.ActiveCfg = Debug|Any CPU
		{69CDB0C9-170E-4A96-B979-CC091CF096E4}.Debug|x86.Build.0 = Debug|Any CPU
		{69CDB0C9-170E-4A96-B979-CC091CF096E4}.Release|Any CPU.ActiveCfg = Release|Any CPU
		{69CDB0C9-170E-4A96-B979-CC091CF096E4}.Release|Any CPU.Build.0 = Release|Any CPU
		{69CDB0C9-170E-4A96-B979-CC091CF096E4}.Release|ARM.ActiveCfg = Release|Any CPU
		{69CDB0C9-170E-4A96-B979-CC091CF096E4}.Release|ARM.Build.0 = Release|Any CPU
		{69CDB0C9-170E-4A96-B979-CC091CF096E4}.Release|iPhone.ActiveCfg = Release|Any CPU
		{69CDB0C9-170E-4A96-B979-CC091CF096E4}.Release|iPhone.Build.0 = Release|Any CPU
		{69CDB0C9-170E-4A96-B979-CC091CF096E4}.Release|iPhoneSimulator.ActiveCfg = Release|Any CPU
		{69CDB0C9-170E-4A96-B979-CC091CF096E4}.Release|iPhoneSimulator.Build.0 = Release|Any CPU
		{69CDB0C9-170E-4A96-B979-CC091CF096E4}.Release|x64.ActiveCfg = Release|Any CPU
		{69CDB0C9-170E-4A96-B979-CC091CF096E4}.Release|x64.Build.0 = Release|Any CPU
		{69CDB0C9-170E-4A96-B979-CC091CF096E4}.Release|x86.ActiveCfg = Release|Any CPU
		{69CDB0C9-170E-4A96-B979-CC091CF096E4}.Release|x86.Build.0 = Release|Any CPU
		{85AFCD1B-EA31-4A30-B367-1CD220B42880}.Debug|Any CPU.ActiveCfg = Debug|iPhoneSimulator
		{85AFCD1B-EA31-4A30-B367-1CD220B42880}.Debug|Any CPU.Build.0 = Debug|iPhoneSimulator
		{85AFCD1B-EA31-4A30-B367-1CD220B42880}.Debug|ARM.ActiveCfg = Debug|iPhone
		{85AFCD1B-EA31-4A30-B367-1CD220B42880}.Debug|iPhone.ActiveCfg = Debug|iPhone
		{85AFCD1B-EA31-4A30-B367-1CD220B42880}.Debug|iPhone.Build.0 = Debug|iPhone
		{85AFCD1B-EA31-4A30-B367-1CD220B42880}.Debug|iPhoneSimulator.ActiveCfg = Debug|iPhoneSimulator
		{85AFCD1B-EA31-4A30-B367-1CD220B42880}.Debug|iPhoneSimulator.Build.0 = Debug|iPhoneSimulator
		{85AFCD1B-EA31-4A30-B367-1CD220B42880}.Debug|x64.ActiveCfg = Debug|iPhone
		{85AFCD1B-EA31-4A30-B367-1CD220B42880}.Debug|x86.ActiveCfg = Debug|iPhone
		{85AFCD1B-EA31-4A30-B367-1CD220B42880}.Release|Any CPU.ActiveCfg = Release|iPhone
		{85AFCD1B-EA31-4A30-B367-1CD220B42880}.Release|Any CPU.Build.0 = Release|iPhone
		{85AFCD1B-EA31-4A30-B367-1CD220B42880}.Release|ARM.ActiveCfg = Release|iPhoneSimulator
		{85AFCD1B-EA31-4A30-B367-1CD220B42880}.Release|iPhone.ActiveCfg = Release|iPhone
		{85AFCD1B-EA31-4A30-B367-1CD220B42880}.Release|iPhone.Build.0 = Release|iPhone
		{85AFCD1B-EA31-4A30-B367-1CD220B42880}.Release|iPhoneSimulator.ActiveCfg = Release|iPhoneSimulator
		{85AFCD1B-EA31-4A30-B367-1CD220B42880}.Release|iPhoneSimulator.Build.0 = Release|iPhoneSimulator
		{85AFCD1B-EA31-4A30-B367-1CD220B42880}.Release|x64.ActiveCfg = Release|iPhoneSimulator
		{85AFCD1B-EA31-4A30-B367-1CD220B42880}.Release|x86.ActiveCfg = Release|iPhoneSimulator
		{7D7A70F9-FFE3-4C8D-A8F9-B8D2B361167C}.Debug|Any CPU.ActiveCfg = Debug|Any CPU
		{7D7A70F9-FFE3-4C8D-A8F9-B8D2B361167C}.Debug|Any CPU.Build.0 = Debug|Any CPU
		{7D7A70F9-FFE3-4C8D-A8F9-B8D2B361167C}.Debug|ARM.ActiveCfg = Debug|Any CPU
		{7D7A70F9-FFE3-4C8D-A8F9-B8D2B361167C}.Debug|ARM.Build.0 = Debug|Any CPU
		{7D7A70F9-FFE3-4C8D-A8F9-B8D2B361167C}.Debug|iPhone.ActiveCfg = Debug|Any CPU
		{7D7A70F9-FFE3-4C8D-A8F9-B8D2B361167C}.Debug|iPhone.Build.0 = Debug|Any CPU
		{7D7A70F9-FFE3-4C8D-A8F9-B8D2B361167C}.Debug|iPhoneSimulator.ActiveCfg = Debug|Any CPU
		{7D7A70F9-FFE3-4C8D-A8F9-B8D2B361167C}.Debug|iPhoneSimulator.Build.0 = Debug|Any CPU
		{7D7A70F9-FFE3-4C8D-A8F9-B8D2B361167C}.Debug|x64.ActiveCfg = Debug|Any CPU
		{7D7A70F9-FFE3-4C8D-A8F9-B8D2B361167C}.Debug|x64.Build.0 = Debug|Any CPU
		{7D7A70F9-FFE3-4C8D-A8F9-B8D2B361167C}.Debug|x86.ActiveCfg = Debug|Any CPU
		{7D7A70F9-FFE3-4C8D-A8F9-B8D2B361167C}.Debug|x86.Build.0 = Debug|Any CPU
		{7D7A70F9-FFE3-4C8D-A8F9-B8D2B361167C}.Release|Any CPU.ActiveCfg = Release|Any CPU
		{7D7A70F9-FFE3-4C8D-A8F9-B8D2B361167C}.Release|Any CPU.Build.0 = Release|Any CPU
		{7D7A70F9-FFE3-4C8D-A8F9-B8D2B361167C}.Release|ARM.ActiveCfg = Release|Any CPU
		{7D7A70F9-FFE3-4C8D-A8F9-B8D2B361167C}.Release|ARM.Build.0 = Release|Any CPU
		{7D7A70F9-FFE3-4C8D-A8F9-B8D2B361167C}.Release|iPhone.ActiveCfg = Release|Any CPU
		{7D7A70F9-FFE3-4C8D-A8F9-B8D2B361167C}.Release|iPhone.Build.0 = Release|Any CPU
		{7D7A70F9-FFE3-4C8D-A8F9-B8D2B361167C}.Release|iPhoneSimulator.ActiveCfg = Release|Any CPU
		{7D7A70F9-FFE3-4C8D-A8F9-B8D2B361167C}.Release|iPhoneSimulator.Build.0 = Release|Any CPU
		{7D7A70F9-FFE3-4C8D-A8F9-B8D2B361167C}.Release|x64.ActiveCfg = Release|Any CPU
		{7D7A70F9-FFE3-4C8D-A8F9-B8D2B361167C}.Release|x64.Build.0 = Release|Any CPU
		{7D7A70F9-FFE3-4C8D-A8F9-B8D2B361167C}.Release|x86.ActiveCfg = Release|Any CPU
		{7D7A70F9-FFE3-4C8D-A8F9-B8D2B361167C}.Release|x86.Build.0 = Release|Any CPU
		{2A7C7043-EFFE-4A39-9555-FA9195F90F98}.Debug|Any CPU.ActiveCfg = Debug|Any CPU
		{2A7C7043-EFFE-4A39-9555-FA9195F90F98}.Debug|Any CPU.Build.0 = Debug|Any CPU
		{2A7C7043-EFFE-4A39-9555-FA9195F90F98}.Debug|ARM.ActiveCfg = Debug|Any CPU
		{2A7C7043-EFFE-4A39-9555-FA9195F90F98}.Debug|ARM.Build.0 = Debug|Any CPU
		{2A7C7043-EFFE-4A39-9555-FA9195F90F98}.Debug|iPhone.ActiveCfg = Debug|Any CPU
		{2A7C7043-EFFE-4A39-9555-FA9195F90F98}.Debug|iPhone.Build.0 = Debug|Any CPU
		{2A7C7043-EFFE-4A39-9555-FA9195F90F98}.Debug|iPhoneSimulator.ActiveCfg = Debug|Any CPU
		{2A7C7043-EFFE-4A39-9555-FA9195F90F98}.Debug|iPhoneSimulator.Build.0 = Debug|Any CPU
		{2A7C7043-EFFE-4A39-9555-FA9195F90F98}.Debug|x64.ActiveCfg = Debug|Any CPU
		{2A7C7043-EFFE-4A39-9555-FA9195F90F98}.Debug|x64.Build.0 = Debug|Any CPU
		{2A7C7043-EFFE-4A39-9555-FA9195F90F98}.Debug|x86.ActiveCfg = Debug|Any CPU
		{2A7C7043-EFFE-4A39-9555-FA9195F90F98}.Debug|x86.Build.0 = Debug|Any CPU
		{2A7C7043-EFFE-4A39-9555-FA9195F90F98}.Release|Any CPU.ActiveCfg = Release|Any CPU
		{2A7C7043-EFFE-4A39-9555-FA9195F90F98}.Release|Any CPU.Build.0 = Release|Any CPU
		{2A7C7043-EFFE-4A39-9555-FA9195F90F98}.Release|ARM.ActiveCfg = Release|Any CPU
		{2A7C7043-EFFE-4A39-9555-FA9195F90F98}.Release|ARM.Build.0 = Release|Any CPU
		{2A7C7043-EFFE-4A39-9555-FA9195F90F98}.Release|iPhone.ActiveCfg = Release|Any CPU
		{2A7C7043-EFFE-4A39-9555-FA9195F90F98}.Release|iPhone.Build.0 = Release|Any CPU
		{2A7C7043-EFFE-4A39-9555-FA9195F90F98}.Release|iPhoneSimulator.ActiveCfg = Release|Any CPU
		{2A7C7043-EFFE-4A39-9555-FA9195F90F98}.Release|iPhoneSimulator.Build.0 = Release|Any CPU
		{2A7C7043-EFFE-4A39-9555-FA9195F90F98}.Release|x64.ActiveCfg = Release|Any CPU
		{2A7C7043-EFFE-4A39-9555-FA9195F90F98}.Release|x64.Build.0 = Release|Any CPU
		{2A7C7043-EFFE-4A39-9555-FA9195F90F98}.Release|x86.ActiveCfg = Release|Any CPU
		{2A7C7043-EFFE-4A39-9555-FA9195F90F98}.Release|x86.Build.0 = Release|Any CPU
		{39F64074-3674-43DC-911E-AB1A4D38941A}.Debug|Any CPU.ActiveCfg = Debug|iPhoneSimulator
		{39F64074-3674-43DC-911E-AB1A4D38941A}.Debug|Any CPU.Build.0 = Debug|iPhoneSimulator
		{39F64074-3674-43DC-911E-AB1A4D38941A}.Debug|ARM.ActiveCfg = Debug|iPhone
		{39F64074-3674-43DC-911E-AB1A4D38941A}.Debug|iPhone.ActiveCfg = Debug|iPhone
		{39F64074-3674-43DC-911E-AB1A4D38941A}.Debug|iPhone.Build.0 = Debug|iPhone
		{39F64074-3674-43DC-911E-AB1A4D38941A}.Debug|iPhoneSimulator.ActiveCfg = Debug|iPhoneSimulator
		{39F64074-3674-43DC-911E-AB1A4D38941A}.Debug|iPhoneSimulator.Build.0 = Debug|iPhoneSimulator
		{39F64074-3674-43DC-911E-AB1A4D38941A}.Debug|x64.ActiveCfg = Debug|iPhone
		{39F64074-3674-43DC-911E-AB1A4D38941A}.Debug|x86.ActiveCfg = Debug|iPhone
		{39F64074-3674-43DC-911E-AB1A4D38941A}.Release|Any CPU.ActiveCfg = Release|iPhone
		{39F64074-3674-43DC-911E-AB1A4D38941A}.Release|Any CPU.Build.0 = Release|iPhone
		{39F64074-3674-43DC-911E-AB1A4D38941A}.Release|ARM.ActiveCfg = Release|iPhoneSimulator
		{39F64074-3674-43DC-911E-AB1A4D38941A}.Release|iPhone.ActiveCfg = Release|iPhone
		{39F64074-3674-43DC-911E-AB1A4D38941A}.Release|iPhone.Build.0 = Release|iPhone
		{39F64074-3674-43DC-911E-AB1A4D38941A}.Release|iPhoneSimulator.ActiveCfg = Release|iPhoneSimulator
		{39F64074-3674-43DC-911E-AB1A4D38941A}.Release|iPhoneSimulator.Build.0 = Release|iPhoneSimulator
		{39F64074-3674-43DC-911E-AB1A4D38941A}.Release|x64.ActiveCfg = Release|iPhoneSimulator
		{39F64074-3674-43DC-911E-AB1A4D38941A}.Release|x86.ActiveCfg = Release|iPhoneSimulator
		{EE2C6342-018B-42DE-8311-D8115C604B5D}.Debug|Any CPU.ActiveCfg = Debug|Any CPU
		{EE2C6342-018B-42DE-8311-D8115C604B5D}.Debug|Any CPU.Build.0 = Debug|Any CPU
		{EE2C6342-018B-42DE-8311-D8115C604B5D}.Debug|ARM.ActiveCfg = Debug|Any CPU
		{EE2C6342-018B-42DE-8311-D8115C604B5D}.Debug|ARM.Build.0 = Debug|Any CPU
		{EE2C6342-018B-42DE-8311-D8115C604B5D}.Debug|ARM.Deploy.0 = Debug|Any CPU
		{EE2C6342-018B-42DE-8311-D8115C604B5D}.Debug|iPhone.ActiveCfg = Debug|Any CPU
		{EE2C6342-018B-42DE-8311-D8115C604B5D}.Debug|iPhone.Build.0 = Debug|Any CPU
		{EE2C6342-018B-42DE-8311-D8115C604B5D}.Debug|iPhoneSimulator.ActiveCfg = Debug|Any CPU
		{EE2C6342-018B-42DE-8311-D8115C604B5D}.Debug|iPhoneSimulator.Build.0 = Debug|Any CPU
		{EE2C6342-018B-42DE-8311-D8115C604B5D}.Debug|x64.ActiveCfg = Debug|Any CPU
		{EE2C6342-018B-42DE-8311-D8115C604B5D}.Debug|x64.Build.0 = Debug|Any CPU
		{EE2C6342-018B-42DE-8311-D8115C604B5D}.Debug|x64.Deploy.0 = Debug|Any CPU
		{EE2C6342-018B-42DE-8311-D8115C604B5D}.Debug|x86.ActiveCfg = Debug|Any CPU
		{EE2C6342-018B-42DE-8311-D8115C604B5D}.Debug|x86.Build.0 = Debug|Any CPU
		{EE2C6342-018B-42DE-8311-D8115C604B5D}.Debug|x86.Deploy.0 = Debug|Any CPU
		{EE2C6342-018B-42DE-8311-D8115C604B5D}.Release|Any CPU.ActiveCfg = Release|Any CPU
		{EE2C6342-018B-42DE-8311-D8115C604B5D}.Release|Any CPU.Build.0 = Release|Any CPU
		{EE2C6342-018B-42DE-8311-D8115C604B5D}.Release|ARM.ActiveCfg = Release|Any CPU
		{EE2C6342-018B-42DE-8311-D8115C604B5D}.Release|ARM.Build.0 = Release|Any CPU
		{EE2C6342-018B-42DE-8311-D8115C604B5D}.Release|ARM.Deploy.0 = Release|Any CPU
		{EE2C6342-018B-42DE-8311-D8115C604B5D}.Release|iPhone.ActiveCfg = Release|Any CPU
		{EE2C6342-018B-42DE-8311-D8115C604B5D}.Release|iPhone.Build.0 = Release|Any CPU
		{EE2C6342-018B-42DE-8311-D8115C604B5D}.Release|iPhoneSimulator.ActiveCfg = Release|Any CPU
		{EE2C6342-018B-42DE-8311-D8115C604B5D}.Release|iPhoneSimulator.Build.0 = Release|Any CPU
		{EE2C6342-018B-42DE-8311-D8115C604B5D}.Release|x64.ActiveCfg = Release|Any CPU
		{EE2C6342-018B-42DE-8311-D8115C604B5D}.Release|x64.Build.0 = Release|Any CPU
		{EE2C6342-018B-42DE-8311-D8115C604B5D}.Release|x64.Deploy.0 = Release|Any CPU
		{EE2C6342-018B-42DE-8311-D8115C604B5D}.Release|x86.ActiveCfg = Release|Any CPU
		{EE2C6342-018B-42DE-8311-D8115C604B5D}.Release|x86.Build.0 = Release|Any CPU
		{EE2C6342-018B-42DE-8311-D8115C604B5D}.Release|x86.Deploy.0 = Release|Any CPU
		{AB4414EB-2F57-4FB0-BFD4-98F0F4E87408}.Debug|Any CPU.ActiveCfg = Debug|x86
		{AB4414EB-2F57-4FB0-BFD4-98F0F4E87408}.Debug|Any CPU.Build.0 = Debug|x86
		{AB4414EB-2F57-4FB0-BFD4-98F0F4E87408}.Debug|Any CPU.Deploy.0 = Debug|x86
		{AB4414EB-2F57-4FB0-BFD4-98F0F4E87408}.Debug|ARM.ActiveCfg = Debug|ARM
		{AB4414EB-2F57-4FB0-BFD4-98F0F4E87408}.Debug|ARM.Build.0 = Debug|ARM
		{AB4414EB-2F57-4FB0-BFD4-98F0F4E87408}.Debug|ARM.Deploy.0 = Debug|ARM
		{AB4414EB-2F57-4FB0-BFD4-98F0F4E87408}.Debug|iPhone.ActiveCfg = Debug|x86
		{AB4414EB-2F57-4FB0-BFD4-98F0F4E87408}.Debug|iPhoneSimulator.ActiveCfg = Debug|x86
		{AB4414EB-2F57-4FB0-BFD4-98F0F4E87408}.Debug|x64.ActiveCfg = Debug|x64
		{AB4414EB-2F57-4FB0-BFD4-98F0F4E87408}.Debug|x64.Build.0 = Debug|x64
		{AB4414EB-2F57-4FB0-BFD4-98F0F4E87408}.Debug|x64.Deploy.0 = Debug|x64
		{AB4414EB-2F57-4FB0-BFD4-98F0F4E87408}.Debug|x86.ActiveCfg = Debug|x86
		{AB4414EB-2F57-4FB0-BFD4-98F0F4E87408}.Debug|x86.Build.0 = Debug|x86
		{AB4414EB-2F57-4FB0-BFD4-98F0F4E87408}.Debug|x86.Deploy.0 = Debug|x86
		{AB4414EB-2F57-4FB0-BFD4-98F0F4E87408}.Release|Any CPU.ActiveCfg = Release|x86
		{AB4414EB-2F57-4FB0-BFD4-98F0F4E87408}.Release|Any CPU.Build.0 = Release|x86
		{AB4414EB-2F57-4FB0-BFD4-98F0F4E87408}.Release|Any CPU.Deploy.0 = Release|x86
		{AB4414EB-2F57-4FB0-BFD4-98F0F4E87408}.Release|ARM.ActiveCfg = Release|ARM
		{AB4414EB-2F57-4FB0-BFD4-98F0F4E87408}.Release|ARM.Build.0 = Release|ARM
		{AB4414EB-2F57-4FB0-BFD4-98F0F4E87408}.Release|ARM.Deploy.0 = Release|ARM
		{AB4414EB-2F57-4FB0-BFD4-98F0F4E87408}.Release|iPhone.ActiveCfg = Release|x86
		{AB4414EB-2F57-4FB0-BFD4-98F0F4E87408}.Release|iPhoneSimulator.ActiveCfg = Release|x86
		{AB4414EB-2F57-4FB0-BFD4-98F0F4E87408}.Release|x64.ActiveCfg = Release|x64
		{AB4414EB-2F57-4FB0-BFD4-98F0F4E87408}.Release|x64.Build.0 = Release|x64
		{AB4414EB-2F57-4FB0-BFD4-98F0F4E87408}.Release|x64.Deploy.0 = Release|x64
		{AB4414EB-2F57-4FB0-BFD4-98F0F4E87408}.Release|x86.ActiveCfg = Release|x86
		{AB4414EB-2F57-4FB0-BFD4-98F0F4E87408}.Release|x86.Build.0 = Release|x86
		{AB4414EB-2F57-4FB0-BFD4-98F0F4E87408}.Release|x86.Deploy.0 = Release|x86
		{A4B69B54-DE36-4E1E-9516-A8789B31D54B}.Debug|Any CPU.ActiveCfg = Debug|x86
		{A4B69B54-DE36-4E1E-9516-A8789B31D54B}.Debug|Any CPU.Build.0 = Debug|x86
		{A4B69B54-DE36-4E1E-9516-A8789B31D54B}.Debug|ARM.ActiveCfg = Debug|ARM
		{A4B69B54-DE36-4E1E-9516-A8789B31D54B}.Debug|ARM.Build.0 = Debug|ARM
		{A4B69B54-DE36-4E1E-9516-A8789B31D54B}.Debug|ARM.Deploy.0 = Debug|ARM
		{A4B69B54-DE36-4E1E-9516-A8789B31D54B}.Debug|iPhone.ActiveCfg = Debug|x86
		{A4B69B54-DE36-4E1E-9516-A8789B31D54B}.Debug|iPhoneSimulator.ActiveCfg = Debug|x86
		{A4B69B54-DE36-4E1E-9516-A8789B31D54B}.Debug|x64.ActiveCfg = Debug|x64
		{A4B69B54-DE36-4E1E-9516-A8789B31D54B}.Debug|x64.Build.0 = Debug|x64
		{A4B69B54-DE36-4E1E-9516-A8789B31D54B}.Debug|x64.Deploy.0 = Debug|x64
		{A4B69B54-DE36-4E1E-9516-A8789B31D54B}.Debug|x86.ActiveCfg = Debug|x86
		{A4B69B54-DE36-4E1E-9516-A8789B31D54B}.Debug|x86.Build.0 = Debug|x86
		{A4B69B54-DE36-4E1E-9516-A8789B31D54B}.Debug|x86.Deploy.0 = Debug|x86
		{A4B69B54-DE36-4E1E-9516-A8789B31D54B}.Release|Any CPU.ActiveCfg = Release|x86
		{A4B69B54-DE36-4E1E-9516-A8789B31D54B}.Release|Any CPU.Build.0 = Release|x86
		{A4B69B54-DE36-4E1E-9516-A8789B31D54B}.Release|Any CPU.Deploy.0 = Release|x86
		{A4B69B54-DE36-4E1E-9516-A8789B31D54B}.Release|ARM.ActiveCfg = Release|ARM
		{A4B69B54-DE36-4E1E-9516-A8789B31D54B}.Release|ARM.Build.0 = Release|ARM
		{A4B69B54-DE36-4E1E-9516-A8789B31D54B}.Release|ARM.Deploy.0 = Release|ARM
		{A4B69B54-DE36-4E1E-9516-A8789B31D54B}.Release|iPhone.ActiveCfg = Release|x86
		{A4B69B54-DE36-4E1E-9516-A8789B31D54B}.Release|iPhoneSimulator.ActiveCfg = Release|x86
		{A4B69B54-DE36-4E1E-9516-A8789B31D54B}.Release|x64.ActiveCfg = Release|x64
		{A4B69B54-DE36-4E1E-9516-A8789B31D54B}.Release|x64.Build.0 = Release|x64
		{A4B69B54-DE36-4E1E-9516-A8789B31D54B}.Release|x64.Deploy.0 = Release|x64
		{A4B69B54-DE36-4E1E-9516-A8789B31D54B}.Release|x86.ActiveCfg = Release|x86
		{A4B69B54-DE36-4E1E-9516-A8789B31D54B}.Release|x86.Build.0 = Release|x86
		{A4B69B54-DE36-4E1E-9516-A8789B31D54B}.Release|x86.Deploy.0 = Release|x86
		{45E28133-9D58-442D-B0AB-F47DF66609BC}.Debug|Any CPU.ActiveCfg = Debug|Any CPU
		{45E28133-9D58-442D-B0AB-F47DF66609BC}.Debug|Any CPU.Build.0 = Debug|Any CPU
		{45E28133-9D58-442D-B0AB-F47DF66609BC}.Debug|ARM.ActiveCfg = Debug|Any CPU
		{45E28133-9D58-442D-B0AB-F47DF66609BC}.Debug|ARM.Build.0 = Debug|Any CPU
		{45E28133-9D58-442D-B0AB-F47DF66609BC}.Debug|iPhone.ActiveCfg = Debug|Any CPU
		{45E28133-9D58-442D-B0AB-F47DF66609BC}.Debug|iPhone.Build.0 = Debug|Any CPU
		{45E28133-9D58-442D-B0AB-F47DF66609BC}.Debug|iPhoneSimulator.ActiveCfg = Debug|Any CPU
		{45E28133-9D58-442D-B0AB-F47DF66609BC}.Debug|iPhoneSimulator.Build.0 = Debug|Any CPU
		{45E28133-9D58-442D-B0AB-F47DF66609BC}.Debug|x64.ActiveCfg = Debug|Any CPU
		{45E28133-9D58-442D-B0AB-F47DF66609BC}.Debug|x64.Build.0 = Debug|Any CPU
		{45E28133-9D58-442D-B0AB-F47DF66609BC}.Debug|x86.ActiveCfg = Debug|Any CPU
		{45E28133-9D58-442D-B0AB-F47DF66609BC}.Debug|x86.Build.0 = Debug|Any CPU
		{45E28133-9D58-442D-B0AB-F47DF66609BC}.Release|Any CPU.ActiveCfg = Release|Any CPU
		{45E28133-9D58-442D-B0AB-F47DF66609BC}.Release|Any CPU.Build.0 = Release|Any CPU
		{45E28133-9D58-442D-B0AB-F47DF66609BC}.Release|ARM.ActiveCfg = Release|Any CPU
		{45E28133-9D58-442D-B0AB-F47DF66609BC}.Release|ARM.Build.0 = Release|Any CPU
		{45E28133-9D58-442D-B0AB-F47DF66609BC}.Release|iPhone.ActiveCfg = Release|Any CPU
		{45E28133-9D58-442D-B0AB-F47DF66609BC}.Release|iPhone.Build.0 = Release|Any CPU
		{45E28133-9D58-442D-B0AB-F47DF66609BC}.Release|iPhoneSimulator.ActiveCfg = Release|Any CPU
		{45E28133-9D58-442D-B0AB-F47DF66609BC}.Release|iPhoneSimulator.Build.0 = Release|Any CPU
		{45E28133-9D58-442D-B0AB-F47DF66609BC}.Release|x64.ActiveCfg = Release|Any CPU
		{45E28133-9D58-442D-B0AB-F47DF66609BC}.Release|x64.Build.0 = Release|Any CPU
		{45E28133-9D58-442D-B0AB-F47DF66609BC}.Release|x86.ActiveCfg = Release|Any CPU
		{45E28133-9D58-442D-B0AB-F47DF66609BC}.Release|x86.Build.0 = Release|Any CPU
		{B9E704B7-54AF-4272-B6A7-E6A165C7276B}.Debug|Any CPU.ActiveCfg = Debug|Any CPU
		{B9E704B7-54AF-4272-B6A7-E6A165C7276B}.Debug|Any CPU.Build.0 = Debug|Any CPU
		{B9E704B7-54AF-4272-B6A7-E6A165C7276B}.Debug|ARM.ActiveCfg = Debug|Any CPU
		{B9E704B7-54AF-4272-B6A7-E6A165C7276B}.Debug|ARM.Build.0 = Debug|Any CPU
		{B9E704B7-54AF-4272-B6A7-E6A165C7276B}.Debug|iPhone.ActiveCfg = Debug|Any CPU
		{B9E704B7-54AF-4272-B6A7-E6A165C7276B}.Debug|iPhone.Build.0 = Debug|Any CPU
		{B9E704B7-54AF-4272-B6A7-E6A165C7276B}.Debug|iPhoneSimulator.ActiveCfg = Debug|Any CPU
		{B9E704B7-54AF-4272-B6A7-E6A165C7276B}.Debug|iPhoneSimulator.Build.0 = Debug|Any CPU
		{B9E704B7-54AF-4272-B6A7-E6A165C7276B}.Debug|x64.ActiveCfg = Debug|Any CPU
		{B9E704B7-54AF-4272-B6A7-E6A165C7276B}.Debug|x64.Build.0 = Debug|Any CPU
		{B9E704B7-54AF-4272-B6A7-E6A165C7276B}.Debug|x86.ActiveCfg = Debug|Any CPU
		{B9E704B7-54AF-4272-B6A7-E6A165C7276B}.Debug|x86.Build.0 = Debug|Any CPU
		{B9E704B7-54AF-4272-B6A7-E6A165C7276B}.Release|Any CPU.ActiveCfg = Release|Any CPU
		{B9E704B7-54AF-4272-B6A7-E6A165C7276B}.Release|Any CPU.Build.0 = Release|Any CPU
		{B9E704B7-54AF-4272-B6A7-E6A165C7276B}.Release|ARM.ActiveCfg = Release|Any CPU
		{B9E704B7-54AF-4272-B6A7-E6A165C7276B}.Release|ARM.Build.0 = Release|Any CPU
		{B9E704B7-54AF-4272-B6A7-E6A165C7276B}.Release|iPhone.ActiveCfg = Release|Any CPU
		{B9E704B7-54AF-4272-B6A7-E6A165C7276B}.Release|iPhone.Build.0 = Release|Any CPU
		{B9E704B7-54AF-4272-B6A7-E6A165C7276B}.Release|iPhoneSimulator.ActiveCfg = Release|Any CPU
		{B9E704B7-54AF-4272-B6A7-E6A165C7276B}.Release|iPhoneSimulator.Build.0 = Release|Any CPU
		{B9E704B7-54AF-4272-B6A7-E6A165C7276B}.Release|x64.ActiveCfg = Release|Any CPU
		{B9E704B7-54AF-4272-B6A7-E6A165C7276B}.Release|x64.Build.0 = Release|Any CPU
		{B9E704B7-54AF-4272-B6A7-E6A165C7276B}.Release|x86.ActiveCfg = Release|Any CPU
		{B9E704B7-54AF-4272-B6A7-E6A165C7276B}.Release|x86.Build.0 = Release|Any CPU
		{098D7C44-7A62-4673-AB37-2B407340D6C6}.Debug|Any CPU.ActiveCfg = Debug|Any CPU
		{098D7C44-7A62-4673-AB37-2B407340D6C6}.Debug|Any CPU.Build.0 = Debug|Any CPU
		{098D7C44-7A62-4673-AB37-2B407340D6C6}.Debug|ARM.ActiveCfg = Debug|Any CPU
		{098D7C44-7A62-4673-AB37-2B407340D6C6}.Debug|ARM.Build.0 = Debug|Any CPU
		{098D7C44-7A62-4673-AB37-2B407340D6C6}.Debug|iPhone.ActiveCfg = Debug|Any CPU
		{098D7C44-7A62-4673-AB37-2B407340D6C6}.Debug|iPhone.Build.0 = Debug|Any CPU
		{098D7C44-7A62-4673-AB37-2B407340D6C6}.Debug|iPhoneSimulator.ActiveCfg = Debug|Any CPU
		{098D7C44-7A62-4673-AB37-2B407340D6C6}.Debug|iPhoneSimulator.Build.0 = Debug|Any CPU
		{098D7C44-7A62-4673-AB37-2B407340D6C6}.Debug|x64.ActiveCfg = Debug|Any CPU
		{098D7C44-7A62-4673-AB37-2B407340D6C6}.Debug|x64.Build.0 = Debug|Any CPU
		{098D7C44-7A62-4673-AB37-2B407340D6C6}.Debug|x86.ActiveCfg = Debug|Any CPU
		{098D7C44-7A62-4673-AB37-2B407340D6C6}.Debug|x86.Build.0 = Debug|Any CPU
		{098D7C44-7A62-4673-AB37-2B407340D6C6}.Release|Any CPU.ActiveCfg = Release|Any CPU
		{098D7C44-7A62-4673-AB37-2B407340D6C6}.Release|Any CPU.Build.0 = Release|Any CPU
		{098D7C44-7A62-4673-AB37-2B407340D6C6}.Release|ARM.ActiveCfg = Release|Any CPU
		{098D7C44-7A62-4673-AB37-2B407340D6C6}.Release|ARM.Build.0 = Release|Any CPU
		{098D7C44-7A62-4673-AB37-2B407340D6C6}.Release|iPhone.ActiveCfg = Release|Any CPU
		{098D7C44-7A62-4673-AB37-2B407340D6C6}.Release|iPhone.Build.0 = Release|Any CPU
		{098D7C44-7A62-4673-AB37-2B407340D6C6}.Release|iPhoneSimulator.ActiveCfg = Release|Any CPU
		{098D7C44-7A62-4673-AB37-2B407340D6C6}.Release|iPhoneSimulator.Build.0 = Release|Any CPU
		{098D7C44-7A62-4673-AB37-2B407340D6C6}.Release|x64.ActiveCfg = Release|Any CPU
		{098D7C44-7A62-4673-AB37-2B407340D6C6}.Release|x64.Build.0 = Release|Any CPU
		{098D7C44-7A62-4673-AB37-2B407340D6C6}.Release|x86.ActiveCfg = Release|Any CPU
		{098D7C44-7A62-4673-AB37-2B407340D6C6}.Release|x86.Build.0 = Release|Any CPU
		{53CEA354-7BD7-4FFD-9F3D-048BF1C94634}.Debug|Any CPU.ActiveCfg = Debug|Any CPU
		{53CEA354-7BD7-4FFD-9F3D-048BF1C94634}.Debug|Any CPU.Build.0 = Debug|Any CPU
		{53CEA354-7BD7-4FFD-9F3D-048BF1C94634}.Debug|ARM.ActiveCfg = Debug|Any CPU
		{53CEA354-7BD7-4FFD-9F3D-048BF1C94634}.Debug|ARM.Build.0 = Debug|Any CPU
		{53CEA354-7BD7-4FFD-9F3D-048BF1C94634}.Debug|iPhone.ActiveCfg = Debug|Any CPU
		{53CEA354-7BD7-4FFD-9F3D-048BF1C94634}.Debug|iPhone.Build.0 = Debug|Any CPU
		{53CEA354-7BD7-4FFD-9F3D-048BF1C94634}.Debug|iPhoneSimulator.ActiveCfg = Debug|Any CPU
		{53CEA354-7BD7-4FFD-9F3D-048BF1C94634}.Debug|iPhoneSimulator.Build.0 = Debug|Any CPU
		{53CEA354-7BD7-4FFD-9F3D-048BF1C94634}.Debug|x64.ActiveCfg = Debug|Any CPU
		{53CEA354-7BD7-4FFD-9F3D-048BF1C94634}.Debug|x64.Build.0 = Debug|Any CPU
		{53CEA354-7BD7-4FFD-9F3D-048BF1C94634}.Debug|x86.ActiveCfg = Debug|Any CPU
		{53CEA354-7BD7-4FFD-9F3D-048BF1C94634}.Debug|x86.Build.0 = Debug|Any CPU
		{53CEA354-7BD7-4FFD-9F3D-048BF1C94634}.Release|Any CPU.ActiveCfg = Release|Any CPU
		{53CEA354-7BD7-4FFD-9F3D-048BF1C94634}.Release|Any CPU.Build.0 = Release|Any CPU
		{53CEA354-7BD7-4FFD-9F3D-048BF1C94634}.Release|ARM.ActiveCfg = Release|Any CPU
		{53CEA354-7BD7-4FFD-9F3D-048BF1C94634}.Release|ARM.Build.0 = Release|Any CPU
		{53CEA354-7BD7-4FFD-9F3D-048BF1C94634}.Release|iPhone.ActiveCfg = Release|Any CPU
		{53CEA354-7BD7-4FFD-9F3D-048BF1C94634}.Release|iPhone.Build.0 = Release|Any CPU
		{53CEA354-7BD7-4FFD-9F3D-048BF1C94634}.Release|iPhoneSimulator.ActiveCfg = Release|Any CPU
		{53CEA354-7BD7-4FFD-9F3D-048BF1C94634}.Release|iPhoneSimulator.Build.0 = Release|Any CPU
		{53CEA354-7BD7-4FFD-9F3D-048BF1C94634}.Release|x64.ActiveCfg = Release|Any CPU
		{53CEA354-7BD7-4FFD-9F3D-048BF1C94634}.Release|x64.Build.0 = Release|Any CPU
		{53CEA354-7BD7-4FFD-9F3D-048BF1C94634}.Release|x86.ActiveCfg = Release|Any CPU
		{53CEA354-7BD7-4FFD-9F3D-048BF1C94634}.Release|x86.Build.0 = Release|Any CPU
		{EE894390-BD1B-41AA-BD3A-F28C4A494754}.Debug|Any CPU.ActiveCfg = Debug|Any CPU
		{EE894390-BD1B-41AA-BD3A-F28C4A494754}.Debug|Any CPU.Build.0 = Debug|Any CPU
		{EE894390-BD1B-41AA-BD3A-F28C4A494754}.Debug|ARM.ActiveCfg = Debug|Any CPU
		{EE894390-BD1B-41AA-BD3A-F28C4A494754}.Debug|ARM.Build.0 = Debug|Any CPU
		{EE894390-BD1B-41AA-BD3A-F28C4A494754}.Debug|iPhone.ActiveCfg = Debug|Any CPU
		{EE894390-BD1B-41AA-BD3A-F28C4A494754}.Debug|iPhone.Build.0 = Debug|Any CPU
		{EE894390-BD1B-41AA-BD3A-F28C4A494754}.Debug|iPhoneSimulator.ActiveCfg = Debug|Any CPU
		{EE894390-BD1B-41AA-BD3A-F28C4A494754}.Debug|iPhoneSimulator.Build.0 = Debug|Any CPU
		{EE894390-BD1B-41AA-BD3A-F28C4A494754}.Debug|x64.ActiveCfg = Debug|Any CPU
		{EE894390-BD1B-41AA-BD3A-F28C4A494754}.Debug|x64.Build.0 = Debug|Any CPU
		{EE894390-BD1B-41AA-BD3A-F28C4A494754}.Debug|x86.ActiveCfg = Debug|Any CPU
		{EE894390-BD1B-41AA-BD3A-F28C4A494754}.Debug|x86.Build.0 = Debug|Any CPU
		{EE894390-BD1B-41AA-BD3A-F28C4A494754}.Release|Any CPU.ActiveCfg = Release|Any CPU
		{EE894390-BD1B-41AA-BD3A-F28C4A494754}.Release|Any CPU.Build.0 = Release|Any CPU
		{EE894390-BD1B-41AA-BD3A-F28C4A494754}.Release|ARM.ActiveCfg = Release|Any CPU
		{EE894390-BD1B-41AA-BD3A-F28C4A494754}.Release|ARM.Build.0 = Release|Any CPU
		{EE894390-BD1B-41AA-BD3A-F28C4A494754}.Release|iPhone.ActiveCfg = Release|Any CPU
		{EE894390-BD1B-41AA-BD3A-F28C4A494754}.Release|iPhone.Build.0 = Release|Any CPU
		{EE894390-BD1B-41AA-BD3A-F28C4A494754}.Release|iPhoneSimulator.ActiveCfg = Release|Any CPU
		{EE894390-BD1B-41AA-BD3A-F28C4A494754}.Release|iPhoneSimulator.Build.0 = Release|Any CPU
		{EE894390-BD1B-41AA-BD3A-F28C4A494754}.Release|x64.ActiveCfg = Release|Any CPU
		{EE894390-BD1B-41AA-BD3A-F28C4A494754}.Release|x64.Build.0 = Release|Any CPU
		{EE894390-BD1B-41AA-BD3A-F28C4A494754}.Release|x86.ActiveCfg = Release|Any CPU
		{EE894390-BD1B-41AA-BD3A-F28C4A494754}.Release|x86.Build.0 = Release|Any CPU
	EndGlobalSection
	GlobalSection(SolutionProperties) = preSolution
		HideSolutionNode = FALSE
	EndGlobalSection
	GlobalSection(NestedProjects) = preSolution
		{FF4BE67F-3BEB-4E5F-913F-A1AB8FFA6E31} = {4CD29866-30B4-4A0B-9CC8-276C42BA430A}
		{D9C868C7-0684-46EF-8D59-26D237D1F7BC} = {4CD29866-30B4-4A0B-9CC8-276C42BA430A}
		{0D5DCA39-4A2C-494F-A39D-602CEFB7177C} = {D9C868C7-0684-46EF-8D59-26D237D1F7BC}
		{5755A97D-458C-4470-96DF-65DBA93941D8} = {D9C868C7-0684-46EF-8D59-26D237D1F7BC}
		{557AEDFC-AD32-4B30-893B-53620C95DA9B} = {FF4BE67F-3BEB-4E5F-913F-A1AB8FFA6E31}
		{47C7B2DB-A4D2-4479-942D-6A78AACA1E19} = {FF4BE67F-3BEB-4E5F-913F-A1AB8FFA6E31}
		{AA316CD0-748E-4D83-A0E1-8A255967C6B1} = {FF4BE67F-3BEB-4E5F-913F-A1AB8FFA6E31}
		{479C511E-55C2-4FF2-8C22-125BDA18E30F} = {FF4BE67F-3BEB-4E5F-913F-A1AB8FFA6E31}
		{6F9DEC77-7A4A-44DB-A56D-BB1BDFE29292} = {1006573F-2F29-4444-A53A-0EE196DAB506}
		{6267C2F9-6915-48AB-BA66-119271B4271C} = {1006573F-2F29-4444-A53A-0EE196DAB506}
		{E69AF6D1-A00C-4BDB-AB17-E13246ACC139} = {4CD29866-30B4-4A0B-9CC8-276C42BA430A}
		{3B66FBF6-D672-4077-924F-75F228502309} = {4CD29866-30B4-4A0B-9CC8-276C42BA430A}
		{A3F8747A-D1F7-4508-9BE3-4685D24A2078} = {FF4BE67F-3BEB-4E5F-913F-A1AB8FFA6E31}
		{BB653317-3C76-46D4-915C-16B0EE402E4D} = {60BAFC0F-8F85-4135-B6B6-AC5C2ABC2249}
		{6C342004-4917-4D4A-B3B8-79DF5732CCC2} = {FF4BE67F-3BEB-4E5F-913F-A1AB8FFA6E31}
		{367DA17B-C31E-412A-8E98-14DD85078706} = {3CB1AF16-65DB-4FE9-9594-2DAEEB791C84}
		{874C5FC6-E4F8-4A21-94C1-546A96932797} = {3CB1AF16-65DB-4FE9-9594-2DAEEB791C84}
		{DB53C4E9-D06E-4C23-9EDC-9A2460B2B0C5} = {9BCC5AF8-6399-401B-88BB-03371B50726B}
		{69CDB0C9-170E-4A96-B979-CC091CF096E4} = {9BCC5AF8-6399-401B-88BB-03371B50726B}
		{85AFCD1B-EA31-4A30-B367-1CD220B42880} = {9BCC5AF8-6399-401B-88BB-03371B50726B}
		{7D7A70F9-FFE3-4C8D-A8F9-B8D2B361167C} = {9BCC5AF8-6399-401B-88BB-03371B50726B}
		{2A7C7043-EFFE-4A39-9555-FA9195F90F98} = {9BCC5AF8-6399-401B-88BB-03371B50726B}
		{39F64074-3674-43DC-911E-AB1A4D38941A} = {9BCC5AF8-6399-401B-88BB-03371B50726B}
		{EE2C6342-018B-42DE-8311-D8115C604B5D} = {9BCC5AF8-6399-401B-88BB-03371B50726B}
		{AB4414EB-2F57-4FB0-BFD4-98F0F4E87408} = {9BCC5AF8-6399-401B-88BB-03371B50726B}
		{A4B69B54-DE36-4E1E-9516-A8789B31D54B} = {9BCC5AF8-6399-401B-88BB-03371B50726B}
		{45E28133-9D58-442D-B0AB-F47DF66609BC} = {9BCC5AF8-6399-401B-88BB-03371B50726B}
		{B9E704B7-54AF-4272-B6A7-E6A165C7276B} = {FF4BE67F-3BEB-4E5F-913F-A1AB8FFA6E31}
		{098D7C44-7A62-4673-AB37-2B407340D6C6} = {FF4BE67F-3BEB-4E5F-913F-A1AB8FFA6E31}
		{53CEA354-7BD7-4FFD-9F3D-048BF1C94634} = {1006573F-2F29-4444-A53A-0EE196DAB506}
		{EE894390-BD1B-41AA-BD3A-F28C4A494754} = {4CD29866-30B4-4A0B-9CC8-276C42BA430A}
	EndGlobalSection
	GlobalSection(MonoDevelopProperties) = preSolution
		Policies = $0
		$0.TextStylePolicy = $1
		$1.inheritsSet = null
		$1.scope = application/xml
		$0.XmlFormattingPolicy = $2
		$2.DefaultFormat = $3
		$3.AttributesInNewLine = True
		$2.inheritsSet = Mono
		$2.inheritsScope = application/xml
		$2.scope = application/xml
	EndGlobalSection
EndGlobal
